
Microsoft Visual Studio Solution File, Format Version 12.00
# Visual Studio 15
VisualStudioVersion = 15.0.26228.9
MinimumVisualStudioVersion = 10.0.40219.1
Project("{FAE04EC0-301F-11D3-BF4B-00C04F79EFBC}") = "wod-archive", "src\wod-archive\wod-archive.csproj", "{D194A2FF-2D06-434E-86D0-C4F21850D984}"
EndProject
Project("{FAE04EC0-301F-11D3-BF4B-00C04F79EFBC}") = "WodServices", "src\WodServices\WodServices.csproj", "{ABDFB2DF-5ACA-4FD7-BDE0-D3A1EA3CF190}"
EndProject
Global
	GlobalSection(SolutionConfigurationPlatforms) = preSolution
		Debug|Any CPU = Debug|Any CPU
		Release|Any CPU = Release|Any CPU
	EndGlobalSection
	GlobalSection(ProjectConfigurationPlatforms) = postSolution
		{D194A2FF-2D06-434E-86D0-C4F21850D984}.Debug|Any CPU.ActiveCfg = Debug|Any CPU
		{D194A2FF-2D06-434E-86D0-C4F21850D984}.Debug|Any CPU.Build.0 = Debug|Any CPU
		{D194A2FF-2D06-434E-86D0-C4F21850D984}.Release|Any CPU.ActiveCfg = Release|Any CPU
		{D194A2FF-2D06-434E-86D0-C4F21850D984}.Release|Any CPU.Build.0 = Release|Any CPU
		{ABDFB2DF-5ACA-4FD7-BDE0-D3A1EA3CF190}.Debug|Any CPU.ActiveCfg = Debug|Any CPU
		{ABDFB2DF-5ACA-4FD7-BDE0-D3A1EA3CF190}.Debug|Any CPU.Build.0 = Debug|Any CPU
		{ABDFB2DF-5ACA-4FD7-BDE0-D3A1EA3CF190}.Release|Any CPU.ActiveCfg = Release|Any CPU
		{ABDFB2DF-5ACA-4FD7-BDE0-D3A1EA3CF190}.Release|Any CPU.Build.0 = Release|Any CPU
	EndGlobalSection
	GlobalSection(SolutionProperties) = preSolution
		HideSolutionNode = FALSE
	EndGlobalSection
EndGlobal
